
Microsoft Visual Studio Solution File, Format Version 12.00
# Visual Studio Version 17
VisualStudioVersion = 17.3.32825.248
MinimumVisualStudioVersion = 10.0.40219.1
Project("{FAE04EC0-301F-11D3-BF4B-00C04F79EFBC}") = "4AssignmentREST", "4AssignmentREST\4AssignmentREST.csproj", "{4D59E84A-CB23-4903-B8DF-3AFA7ADBE4A3}"
EndProject
Project("{FAE04EC0-301F-11D3-BF4B-00C04F79EFBC}") = "4AssignmentRESTTests", "4AssignmentRESTTests\4AssignmentRESTTests.csproj", "{8F7BA6E9-A63B-48CC-9F0E-31F0C9EF1C33}"
EndProject
Global
	GlobalSection(SolutionConfigurationPlatforms) = preSolution
		Debug|Any CPU = Debug|Any CPU
		Release|Any CPU = Release|Any CPU
	EndGlobalSection
	GlobalSection(ProjectConfigurationPlatforms) = postSolution
		{4D59E84A-CB23-4903-B8DF-3AFA7ADBE4A3}.Debug|Any CPU.ActiveCfg = Debug|Any CPU
		{4D59E84A-CB23-4903-B8DF-3AFA7ADBE4A3}.Debug|Any CPU.Build.0 = Debug|Any CPU
		{4D59E84A-CB23-4903-B8DF-3AFA7ADBE4A3}.Release|Any CPU.ActiveCfg = Release|Any CPU
		{4D59E84A-CB23-4903-B8DF-3AFA7ADBE4A3}.Release|Any CPU.Build.0 = Release|Any CPU
		{8F7BA6E9-A63B-48CC-9F0E-31F0C9EF1C33}.Debug|Any CPU.ActiveCfg = Debug|Any CPU
		{8F7BA6E9-A63B-48CC-9F0E-31F0C9EF1C33}.Debug|Any CPU.Build.0 = Debug|Any CPU
		{8F7BA6E9-A63B-48CC-9F0E-31F0C9EF1C33}.Release|Any CPU.ActiveCfg = Release|Any CPU
		{8F7BA6E9-A63B-48CC-9F0E-31F0C9EF1C33}.Release|Any CPU.Build.0 = Release|Any CPU
	EndGlobalSection
	GlobalSection(SolutionProperties) = preSolution
		HideSolutionNode = FALSE
	EndGlobalSection
	GlobalSection(ExtensibilityGlobals) = postSolution
		SolutionGuid = {D002386E-E679-4424-B74C-FB08F7E0F428}
	EndGlobalSection
EndGlobal
